
Microsoft Visual Studio Solution File, Format Version 12.00
# Visual Studio Version 16
VisualStudioVersion = 16.0.29424.173
MinimumVisualStudioVersion = 10.0.40219.1
Project("{FAE04EC0-301F-11D3-BF4B-00C04F79EFBC}") = "GrpcServer", "GrpcServer\GrpcServer.csproj", "{F6013ACA-448E-4AFD-87D0-00A496C589F0}"
EndProject
Project("{FAE04EC0-301F-11D3-BF4B-00C04F79EFBC}") = "GrpcClient", "GrpcClient\GrpcClient.csproj", "{A0156B0B-1AA5-4586-95F5-4E137FAB1BB5}"
EndProject
Global
	GlobalSection(SolutionConfigurationPlatforms) = preSolution
		Debug|Any CPU = Debug|Any CPU
		Release|Any CPU = Release|Any CPU
	EndGlobalSection
	GlobalSection(ProjectConfigurationPlatforms) = postSolution
		{F6013ACA-448E-4AFD-87D0-00A496C589F0}.Debug|Any CPU.ActiveCfg = Debug|Any CPU
		{F6013ACA-448E-4AFD-87D0-00A496C589F0}.Debug|Any CPU.Build.0 = Debug|Any CPU
		{F6013ACA-448E-4AFD-87D0-00A496C589F0}.Release|Any CPU.ActiveCfg = Release|Any CPU
		{F6013ACA-448E-4AFD-87D0-00A496C589F0}.Release|Any CPU.Build.0 = Release|Any CPU
		{A0156B0B-1AA5-4586-95F5-4E137FAB1BB5}.Debug|Any CPU.ActiveCfg = Debug|Any CPU
		{A0156B0B-1AA5-4586-95F5-4E137FAB1BB5}.Debug|Any CPU.Build.0 = Debug|Any CPU
		{A0156B0B-1AA5-4586-95F5-4E137FAB1BB5}.Release|Any CPU.ActiveCfg = Release|Any CPU
		{A0156B0B-1AA5-4586-95F5-4E137FAB1BB5}.Release|Any CPU.Build.0 = Release|Any CPU
	EndGlobalSection
	GlobalSection(SolutionProperties) = preSolution
		HideSolutionNode = FALSE
	EndGlobalSection
	GlobalSection(ExtensibilityGlobals) = postSolution
		SolutionGuid = {4E73D0FC-C88D-4C97-ABC5-F1F91696CCA1}
	EndGlobalSection
EndGlobal
